// !$*UTF8*$!
{
	archiveVersion = 1;
	classes = {
	};
	objectVersion = 55;
	objects = {

/* Begin PBXBuildFile section */
		F685C6F127D5A6A500B4E0C0 /* HeroHeaderUIView.swift in Sources */ = {isa = PBXBuildFile; fileRef = F685C6F027D5A6A500B4E0C0 /* HeroHeaderUIView.swift */; };
		F6906F2C27D5915600AED14B /* AppDelegate.swift in Sources */ = {isa = PBXBuildFile; fileRef = F6906F2B27D5915600AED14B /* AppDelegate.swift */; };
		F6906F2E27D5915600AED14B /* SceneDelegate.swift in Sources */ = {isa = PBXBuildFile; fileRef = F6906F2D27D5915600AED14B /* SceneDelegate.swift */; };
		F6906F3027D5915600AED14B /* MainTabBarViewController.swift in Sources */ = {isa = PBXBuildFile; fileRef = F6906F2F27D5915600AED14B /* MainTabBarViewController.swift */; };
		F6906F3527D5915900AED14B /* Assets.xcassets in Resources */ = {isa = PBXBuildFile; fileRef = F6906F3427D5915900AED14B /* Assets.xcassets */; };
		F6906F3827D5915900AED14B /* LaunchScreen.storyboard in Resources */ = {isa = PBXBuildFile; fileRef = F6906F3627D5915900AED14B /* LaunchScreen.storyboard */; };
		F6906F4327D5915900AED14B /* NetflixCloneTests.swift in Sources */ = {isa = PBXBuildFile; fileRef = F6906F4227D5915900AED14B /* NetflixCloneTests.swift */; };
		F6906F4D27D5915900AED14B /* NetflixCloneUITests.swift in Sources */ = {isa = PBXBuildFile; fileRef = F6906F4C27D5915900AED14B /* NetflixCloneUITests.swift */; };
		F6906F4F27D5915900AED14B /* NetflixCloneUITestsLaunchTests.swift in Sources */ = {isa = PBXBuildFile; fileRef = F6906F4E27D5915900AED14B /* NetflixCloneUITestsLaunchTests.swift */; };
		F6906F5D27D5963400AED14B /* HomeViewController.swift in Sources */ = {isa = PBXBuildFile; fileRef = F6906F5C27D5963400AED14B /* HomeViewController.swift */; };
		F6906F5F27D5964300AED14B /* UpcomingViewController.swift in Sources */ = {isa = PBXBuildFile; fileRef = F6906F5E27D5964300AED14B /* UpcomingViewController.swift */; };
		F6906F6127D5965600AED14B /* SearchViewController.swift in Sources */ = {isa = PBXBuildFile; fileRef = F6906F6027D5965600AED14B /* SearchViewController.swift */; };
		F6906F6327D5966800AED14B /* DownloadsViewController.swift in Sources */ = {isa = PBXBuildFile; fileRef = F6906F6227D5966700AED14B /* DownloadsViewController.swift */; };
		F6906F6C27D59D5700AED14B /* CollectionTableViewCell.swift in Sources */ = {isa = PBXBuildFile; fileRef = F6906F6B27D59D5700AED14B /* CollectionTableViewCell.swift */; };
		F6914D4827E95DC400341A36 /* APICaller.swift in Sources */ = {isa = PBXBuildFile; fileRef = F6914D4727E95DC400341A36 /* APICaller.swift */; };
		F6914D4A27E96D6200341A36 /* Title.swift in Sources */ = {isa = PBXBuildFile; fileRef = F6914D4927E96D6200341A36 /* Title.swift */; };
		F6BBFB1D27E97833006B8A52 /* Extensions.swift in Sources */ = {isa = PBXBuildFile; fileRef = F6BBFB1C27E97833006B8A52 /* Extensions.swift */; };
		F6BBFB2127EA9DC2006B8A52 /* TitleCollectionViewCell.swift in Sources */ = {isa = PBXBuildFile; fileRef = F6BBFB2027EA9DC2006B8A52 /* TitleCollectionViewCell.swift */; };
		F6BBFB2427EA9F4F006B8A52 /* SDWebImage in Frameworks */ = {isa = PBXBuildFile; productRef = F6BBFB2327EA9F4F006B8A52 /* SDWebImage */; };
		F6BBFB2627EA9F4F006B8A52 /* SDWebImageMapKit in Frameworks */ = {isa = PBXBuildFile; productRef = F6BBFB2527EA9F4F006B8A52 /* SDWebImageMapKit */; };
		F6E772BF27ED125E009E6E69 /* Constants.swift in Sources */ = {isa = PBXBuildFile; fileRef = F6E772BE27ED125E009E6E69 /* Constants.swift */; };
/* End PBXBuildFile section */

/* Begin PBXContainerItemProxy section */
		F6906F3F27D5915900AED14B /* PBXContainerItemProxy */ = {
			isa = PBXContainerItemProxy;
			containerPortal = F6906F2027D5915600AED14B /* Project object */;
			proxyType = 1;
			remoteGlobalIDString = F6906F2727D5915600AED14B;
			remoteInfo = NetflixClone;
		};
		F6906F4927D5915900AED14B /* PBXContainerItemProxy */ = {
			isa = PBXContainerItemProxy;
			containerPortal = F6906F2027D5915600AED14B /* Project object */;
			proxyType = 1;
			remoteGlobalIDString = F6906F2727D5915600AED14B;
			remoteInfo = NetflixClone;
		};
/* End PBXContainerItemProxy section */

/* Begin PBXFileReference section */
		F685C6F027D5A6A500B4E0C0 /* HeroHeaderUIView.swift */ = {isa = PBXFileReference; lastKnownFileType = sourcecode.swift; path = HeroHeaderUIView.swift; sourceTree = "<group>"; };
		F6906F2827D5915600AED14B /* NetflixClone.app */ = {isa = PBXFileReference; explicitFileType = wrapper.application; includeInIndex = 0; path = NetflixClone.app; sourceTree = BUILT_PRODUCTS_DIR; };
		F6906F2B27D5915600AED14B /* AppDelegate.swift */ = {isa = PBXFileReference; lastKnownFileType = sourcecode.swift; path = AppDelegate.swift; sourceTree = "<group>"; };
		F6906F2D27D5915600AED14B /* SceneDelegate.swift */ = {isa = PBXFileReference; lastKnownFileType = sourcecode.swift; path = SceneDelegate.swift; sourceTree = "<group>"; };
		F6906F2F27D5915600AED14B /* MainTabBarViewController.swift */ = {isa = PBXFileReference; lastKnownFileType = sourcecode.swift; path = MainTabBarViewController.swift; sourceTree = "<group>"; };
		F6906F3427D5915900AED14B /* Assets.xcassets */ = {isa = PBXFileReference; lastKnownFileType = folder.assetcatalog; path = Assets.xcassets; sourceTree = "<group>"; };
		F6906F3727D5915900AED14B /* Base */ = {isa = PBXFileReference; lastKnownFileType = file.storyboard; name = Base; path = Base.lproj/LaunchScreen.storyboard; sourceTree = "<group>"; };
		F6906F3927D5915900AED14B /* Info.plist */ = {isa = PBXFileReference; lastKnownFileType = text.plist.xml; path = Info.plist; sourceTree = "<group>"; };
		F6906F3E27D5915900AED14B /* NetflixCloneTests.xctest */ = {isa = PBXFileReference; explicitFileType = wrapper.cfbundle; includeInIndex = 0; path = NetflixCloneTests.xctest; sourceTree = BUILT_PRODUCTS_DIR; };
		F6906F4227D5915900AED14B /* NetflixCloneTests.swift */ = {isa = PBXFileReference; lastKnownFileType = sourcecode.swift; path = NetflixCloneTests.swift; sourceTree = "<group>"; };
		F6906F4827D5915900AED14B /* NetflixCloneUITests.xctest */ = {isa = PBXFileReference; explicitFileType = wrapper.cfbundle; includeInIndex = 0; path = NetflixCloneUITests.xctest; sourceTree = BUILT_PRODUCTS_DIR; };
		F6906F4C27D5915900AED14B /* NetflixCloneUITests.swift */ = {isa = PBXFileReference; lastKnownFileType = sourcecode.swift; path = NetflixCloneUITests.swift; sourceTree = "<group>"; };
		F6906F4E27D5915900AED14B /* NetflixCloneUITestsLaunchTests.swift */ = {isa = PBXFileReference; lastKnownFileType = sourcecode.swift; path = NetflixCloneUITestsLaunchTests.swift; sourceTree = "<group>"; };
		F6906F5C27D5963400AED14B /* HomeViewController.swift */ = {isa = PBXFileReference; lastKnownFileType = sourcecode.swift; path = HomeViewController.swift; sourceTree = "<group>"; };
		F6906F5E27D5964300AED14B /* UpcomingViewController.swift */ = {isa = PBXFileReference; lastKnownFileType = sourcecode.swift; path = UpcomingViewController.swift; sourceTree = "<group>"; };
		F6906F6027D5965600AED14B /* SearchViewController.swift */ = {isa = PBXFileReference; lastKnownFileType = sourcecode.swift; path = SearchViewController.swift; sourceTree = "<group>"; };
		F6906F6227D5966700AED14B /* DownloadsViewController.swift */ = {isa = PBXFileReference; lastKnownFileType = sourcecode.swift; path = DownloadsViewController.swift; sourceTree = "<group>"; };
		F6906F6B27D59D5700AED14B /* CollectionTableViewCell.swift */ = {isa = PBXFileReference; lastKnownFileType = sourcecode.swift; path = CollectionTableViewCell.swift; sourceTree = "<group>"; };
		F6914D4727E95DC400341A36 /* APICaller.swift */ = {isa = PBXFileReference; lastKnownFileType = sourcecode.swift; path = APICaller.swift; sourceTree = "<group>"; };
		F6914D4927E96D6200341A36 /* Title.swift */ = {isa = PBXFileReference; lastKnownFileType = sourcecode.swift; path = Title.swift; sourceTree = "<group>"; };
		F6BBFB1C27E97833006B8A52 /* Extensions.swift */ = {isa = PBXFileReference; lastKnownFileType = sourcecode.swift; path = Extensions.swift; sourceTree = "<group>"; };
		F6BBFB2027EA9DC2006B8A52 /* TitleCollectionViewCell.swift */ = {isa = PBXFileReference; lastKnownFileType = sourcecode.swift; path = TitleCollectionViewCell.swift; sourceTree = "<group>"; };
		F6E772BE27ED125E009E6E69 /* Constants.swift */ = {isa = PBXFileReference; lastKnownFileType = sourcecode.swift; path = Constants.swift; sourceTree = "<group>"; };
/* End PBXFileReference section */

/* Begin PBXFrameworksBuildPhase section */
		F6906F2527D5915600AED14B /* Frameworks */ = {
			isa = PBXFrameworksBuildPhase;
			buildActionMask = 2147483647;
			files = (
				F6BBFB2627EA9F4F006B8A52 /* SDWebImageMapKit in Frameworks */,
				F6BBFB2427EA9F4F006B8A52 /* SDWebImage in Frameworks */,
			);
			runOnlyForDeploymentPostprocessing = 0;
		};
		F6906F3B27D5915900AED14B /* Frameworks */ = {
			isa = PBXFrameworksBuildPhase;
			buildActionMask = 2147483647;
			files = (
			);
			runOnlyForDeploymentPostprocessing = 0;
		};
		F6906F4527D5915900AED14B /* Frameworks */ = {
			isa = PBXFrameworksBuildPhase;
			buildActionMask = 2147483647;
			files = (
			);
			runOnlyForDeploymentPostprocessing = 0;
		};
/* End PBXFrameworksBuildPhase section */

/* Begin PBXGroup section */
		F6906F1F27D5915600AED14B = {
			isa = PBXGroup;
			children = (
				F6906F2A27D5915600AED14B /* NetflixClone */,
				F6906F4127D5915900AED14B /* NetflixCloneTests */,
				F6906F4B27D5915900AED14B /* NetflixCloneUITests */,
				F6906F2927D5915600AED14B /* Products */,
			);
			sourceTree = "<group>";
		};
		F6906F2927D5915600AED14B /* Products */ = {
			isa = PBXGroup;
			children = (
				F6906F2827D5915600AED14B /* NetflixClone.app */,
				F6906F3E27D5915900AED14B /* NetflixCloneTests.xctest */,
				F6906F4827D5915900AED14B /* NetflixCloneUITests.xctest */,
			);
			name = Products;
			sourceTree = "<group>";
		};
		F6906F2A27D5915600AED14B /* NetflixClone */ = {
			isa = PBXGroup;
			children = (
				F6906F6827D59CB700AED14B /* Managers */,
				F6906F6727D59CB500AED14B /* Resources */,
				F6906F6627D59C8B00AED14B /* Models */,
				F6906F6527D59C8800AED14B /* Views */,
				F6906F6427D59C8600AED14B /* ViewModels */,
				F6906F5B27D5961F00AED14B /* Controllers */,
				F6906F2B27D5915600AED14B /* AppDelegate.swift */,
				F6906F2D27D5915600AED14B /* SceneDelegate.swift */,
				F6906F2F27D5915600AED14B /* MainTabBarViewController.swift */,
				F6906F3427D5915900AED14B /* Assets.xcassets */,
				F6906F3627D5915900AED14B /* LaunchScreen.storyboard */,
				F6906F3927D5915900AED14B /* Info.plist */,
			);
			path = NetflixClone;
			sourceTree = "<group>";
		};
		F6906F4127D5915900AED14B /* NetflixCloneTests */ = {
			isa = PBXGroup;
			children = (
				F6906F4227D5915900AED14B /* NetflixCloneTests.swift */,
			);
			path = NetflixCloneTests;
			sourceTree = "<group>";
		};
		F6906F4B27D5915900AED14B /* NetflixCloneUITests */ = {
			isa = PBXGroup;
			children = (
				F6906F4C27D5915900AED14B /* NetflixCloneUITests.swift */,
				F6906F4E27D5915900AED14B /* NetflixCloneUITestsLaunchTests.swift */,
			);
			path = NetflixCloneUITests;
			sourceTree = "<group>";
		};
		F6906F5B27D5961F00AED14B /* Controllers */ = {
			isa = PBXGroup;
			children = (
				F6906F5C27D5963400AED14B /* HomeViewController.swift */,
				F6906F5E27D5964300AED14B /* UpcomingViewController.swift */,
				F6906F6027D5965600AED14B /* SearchViewController.swift */,
				F6906F6227D5966700AED14B /* DownloadsViewController.swift */,
			);
			path = Controllers;
			sourceTree = "<group>";
		};
		F6906F6427D59C8600AED14B /* ViewModels */ = {
			isa = PBXGroup;
			children = (
			);
			path = ViewModels;
			sourceTree = "<group>";
		};
		F6906F6527D59C8800AED14B /* Views */ = {
			isa = PBXGroup;
			children = (
				F6906F6B27D59D5700AED14B /* CollectionTableViewCell.swift */,
				F685C6F027D5A6A500B4E0C0 /* HeroHeaderUIView.swift */,
				F6BBFB2027EA9DC2006B8A52 /* TitleCollectionViewCell.swift */,
			);
			path = Views;
			sourceTree = "<group>";
		};
		F6906F6627D59C8B00AED14B /* Models */ = {
			isa = PBXGroup;
			children = (
				F6914D4927E96D6200341A36 /* Title.swift */,
			);
			path = Models;
			sourceTree = "<group>";
		};
		F6906F6727D59CB500AED14B /* Resources */ = {
			isa = PBXGroup;
			children = (
				F6BBFB1C27E97833006B8A52 /* Extensions.swift */,
				F6E772BE27ED125E009E6E69 /* Constants.swift */,
			);
			path = Resources;
			sourceTree = "<group>";
		};
		F6906F6827D59CB700AED14B /* Managers */ = {
			isa = PBXGroup;
			children = (
				F6914D4727E95DC400341A36 /* APICaller.swift */,
			);
			path = Managers;
			sourceTree = "<group>";
		};
/* End PBXGroup section */

/* Begin PBXNativeTarget section */
		F6906F2727D5915600AED14B /* NetflixClone */ = {
			isa = PBXNativeTarget;
			buildConfigurationList = F6906F5227D5915900AED14B /* Build configuration list for PBXNativeTarget "NetflixClone" */;
			buildPhases = (
				F6906F2427D5915600AED14B /* Sources */,
				F6906F2527D5915600AED14B /* Frameworks */,
				F6906F2627D5915600AED14B /* Resources */,
			);
			buildRules = (
			);
			dependencies = (
			);
			name = NetflixClone;
			packageProductDependencies = (
				F6BBFB2327EA9F4F006B8A52 /* SDWebImage */,
				F6BBFB2527EA9F4F006B8A52 /* SDWebImageMapKit */,
			);
			productName = NetflixClone;
			productReference = F6906F2827D5915600AED14B /* NetflixClone.app */;
			productType = "com.apple.product-type.application";
		};
		F6906F3D27D5915900AED14B /* NetflixCloneTests */ = {
			isa = PBXNativeTarget;
			buildConfigurationList = F6906F5527D5915900AED14B /* Build configuration list for PBXNativeTarget "NetflixCloneTests" */;
			buildPhases = (
				F6906F3A27D5915900AED14B /* Sources */,
				F6906F3B27D5915900AED14B /* Frameworks */,
				F6906F3C27D5915900AED14B /* Resources */,
			);
			buildRules = (
			);
			dependencies = (
				F6906F4027D5915900AED14B /* PBXTargetDependency */,
			);
			name = NetflixCloneTests;
			productName = NetflixCloneTests;
			productReference = F6906F3E27D5915900AED14B /* NetflixCloneTests.xctest */;
			productType = "com.apple.product-type.bundle.unit-test";
		};
		F6906F4727D5915900AED14B /* NetflixCloneUITests */ = {
			isa = PBXNativeTarget;
			buildConfigurationList = F6906F5827D5915900AED14B /* Build configuration list for PBXNativeTarget "NetflixCloneUITests" */;
			buildPhases = (
				F6906F4427D5915900AED14B /* Sources */,
				F6906F4527D5915900AED14B /* Frameworks */,
				F6906F4627D5915900AED14B /* Resources */,
			);
			buildRules = (
			);
			dependencies = (
				F6906F4A27D5915900AED14B /* PBXTargetDependency */,
			);
			name = NetflixCloneUITests;
			productName = NetflixCloneUITests;
			productReference = F6906F4827D5915900AED14B /* NetflixCloneUITests.xctest */;
			productType = "com.apple.product-type.bundle.ui-testing";
		};
/* End PBXNativeTarget section */

/* Begin PBXProject section */
		F6906F2027D5915600AED14B /* Project object */ = {
			isa = PBXProject;
			attributes = {
				BuildIndependentTargetsInParallel = 1;
				LastSwiftUpdateCheck = 1320;
				LastUpgradeCheck = 1320;
				TargetAttributes = {
					F6906F2727D5915600AED14B = {
						CreatedOnToolsVersion = 13.2.1;
					};
					F6906F3D27D5915900AED14B = {
						CreatedOnToolsVersion = 13.2.1;
						TestTargetID = F6906F2727D5915600AED14B;
					};
					F6906F4727D5915900AED14B = {
						CreatedOnToolsVersion = 13.2.1;
						TestTargetID = F6906F2727D5915600AED14B;
					};
				};
			};
			buildConfigurationList = F6906F2327D5915600AED14B /* Build configuration list for PBXProject "NetflixClone" */;
			compatibilityVersion = "Xcode 13.0";
			developmentRegion = en;
			hasScannedForEncodings = 0;
			knownRegions = (
				en,
				Base,
			);
			mainGroup = F6906F1F27D5915600AED14B;
			packageReferences = (
				F6BBFB2227EA9F4F006B8A52 /* XCRemoteSwiftPackageReference "SDWebImage" */,
			);
			productRefGroup = F6906F2927D5915600AED14B /* Products */;
			projectDirPath = "";
			projectRoot = "";
			targets = (
				F6906F2727D5915600AED14B /* NetflixClone */,
				F6906F3D27D5915900AED14B /* NetflixCloneTests */,
				F6906F4727D5915900AED14B /* NetflixCloneUITests */,
			);
		};
/* End PBXProject section */

/* Begin PBXResourcesBuildPhase section */
		F6906F2627D5915600AED14B /* Resources */ = {
			isa = PBXResourcesBuildPhase;
			buildActionMask = 2147483647;
			files = (
				F6906F3827D5915900AED14B /* LaunchScreen.storyboard in Resources */,
				F6906F3527D5915900AED14B /* Assets.xcassets in Resources */,
			);
			runOnlyForDeploymentPostprocessing = 0;
		};
		F6906F3C27D5915900AED14B /* Resources */ = {
			isa = PBXResourcesBuildPhase;
			buildActionMask = 2147483647;
			files = (
			);
			runOnlyForDeploymentPostprocessing = 0;
		};
		F6906F4627D5915900AED14B /* Resources */ = {
			isa = PBXResourcesBuildPhase;
			buildActionMask = 2147483647;
			files = (
			);
			runOnlyForDeploymentPostprocessing = 0;
		};
/* End PBXResourcesBuildPhase section */

/* Begin PBXSourcesBuildPhase section */
		F6906F2427D5915600AED14B /* Sources */ = {
			isa = PBXSourcesBuildPhase;
			buildActionMask = 2147483647;
			files = (
				F6906F6127D5965600AED14B /* SearchViewController.swift in Sources */,
				F6BBFB2127EA9DC2006B8A52 /* TitleCollectionViewCell.swift in Sources */,
				F6906F3027D5915600AED14B /* MainTabBarViewController.swift in Sources */,
				F6906F6327D5966800AED14B /* DownloadsViewController.swift in Sources */,
				F6914D4827E95DC400341A36 /* APICaller.swift in Sources */,
				F685C6F127D5A6A500B4E0C0 /* HeroHeaderUIView.swift in Sources */,
				F6906F2C27D5915600AED14B /* AppDelegate.swift in Sources */,
				F6906F2E27D5915600AED14B /* SceneDelegate.swift in Sources */,
				F6BBFB1D27E97833006B8A52 /* Extensions.swift in Sources */,
				F6906F5F27D5964300AED14B /* UpcomingViewController.swift in Sources */,
				F6906F5D27D5963400AED14B /* HomeViewController.swift in Sources */,
				F6E772BF27ED125E009E6E69 /* Constants.swift in Sources */,
				F6914D4A27E96D6200341A36 /* Title.swift in Sources */,
				F6906F6C27D59D5700AED14B /* CollectionTableViewCell.swift in Sources */,
			);
			runOnlyForDeploymentPostprocessing = 0;
		};
		F6906F3A27D5915900AED14B /* Sources */ = {
			isa = PBXSourcesBuildPhase;
			buildActionMask = 2147483647;
			files = (
				F6906F4327D5915900AED14B /* NetflixCloneTests.swift in Sources */,
			);
			runOnlyForDeploymentPostprocessing = 0;
		};
		F6906F4427D5915900AED14B /* Sources */ = {
			isa = PBXSourcesBuildPhase;
			buildActionMask = 2147483647;
			files = (
				F6906F4D27D5915900AED14B /* NetflixCloneUITests.swift in Sources */,
				F6906F4F27D5915900AED14B /* NetflixCloneUITestsLaunchTests.swift in Sources */,
			);
			runOnlyForDeploymentPostprocessing = 0;
		};
/* End PBXSourcesBuildPhase section */

/* Begin PBXTargetDependency section */
		F6906F4027D5915900AED14B /* PBXTargetDependency */ = {
			isa = PBXTargetDependency;
			target = F6906F2727D5915600AED14B /* NetflixClone */;
			targetProxy = F6906F3F27D5915900AED14B /* PBXContainerItemProxy */;
		};
		F6906F4A27D5915900AED14B /* PBXTargetDependency */ = {
			isa = PBXTargetDependency;
			target = F6906F2727D5915600AED14B /* NetflixClone */;
			targetProxy = F6906F4927D5915900AED14B /* PBXContainerItemProxy */;
		};
/* End PBXTargetDependency section */

/* Begin PBXVariantGroup section */
		F6906F3627D5915900AED14B /* LaunchScreen.storyboard */ = {
			isa = PBXVariantGroup;
			children = (
				F6906F3727D5915900AED14B /* Base */,
			);
			name = LaunchScreen.storyboard;
			sourceTree = "<group>";
		};
/* End PBXVariantGroup section */

/* Begin XCBuildConfiguration section */
		F6906F5027D5915900AED14B /* Debug */ = {
			isa = XCBuildConfiguration;
			buildSettings = {
				ALWAYS_SEARCH_USER_PATHS = NO;
				CLANG_ANALYZER_NONNULL = YES;
				CLANG_ANALYZER_NUMBER_OBJECT_CONVERSION = YES_AGGRESSIVE;
				CLANG_CXX_LANGUAGE_STANDARD = "gnu++17";
				CLANG_CXX_LIBRARY = "libc++";
				CLANG_ENABLE_MODULES = YES;
				CLANG_ENABLE_OBJC_ARC = YES;
				CLANG_ENABLE_OBJC_WEAK = YES;
				CLANG_WARN_BLOCK_CAPTURE_AUTORELEASING = YES;
				CLANG_WARN_BOOL_CONVERSION = YES;
				CLANG_WARN_COMMA = YES;
				CLANG_WARN_CONSTANT_CONVERSION = YES;
				CLANG_WARN_DEPRECATED_OBJC_IMPLEMENTATIONS = YES;
				CLANG_WARN_DIRECT_OBJC_ISA_USAGE = YES_ERROR;
				CLANG_WARN_DOCUMENTATION_COMMENTS = YES;
				CLANG_WARN_EMPTY_BODY = YES;
				CLANG_WARN_ENUM_CONVERSION = YES;
				CLANG_WARN_INFINITE_RECURSION = YES;
				CLANG_WARN_INT_CONVERSION = YES;
				CLANG_WARN_NON_LITERAL_NULL_CONVERSION = YES;
				CLANG_WARN_OBJC_IMPLICIT_RETAIN_SELF = YES;
				CLANG_WARN_OBJC_LITERAL_CONVERSION = YES;
				CLANG_WARN_OBJC_ROOT_CLASS = YES_ERROR;
				CLANG_WARN_QUOTED_INCLUDE_IN_FRAMEWORK_HEADER = YES;
				CLANG_WARN_RANGE_LOOP_ANALYSIS = YES;
				CLANG_WARN_STRICT_PROTOTYPES = YES;
				CLANG_WARN_SUSPICIOUS_MOVE = YES;
				CLANG_WARN_UNGUARDED_AVAILABILITY = YES_AGGRESSIVE;
				CLANG_WARN_UNREACHABLE_CODE = YES;
				CLANG_WARN__DUPLICATE_METHOD_MATCH = YES;
				COPY_PHASE_STRIP = NO;
				DEBUG_ACTIVITY_MODE = "";
				"DEBUG_ACTIVITY_MODE[sdk=iphonesimulator*]" = default;
				DEBUG_INFORMATION_FORMAT = dwarf;
				ENABLE_STRICT_OBJC_MSGSEND = YES;
				ENABLE_TESTABILITY = YES;
				GCC_C_LANGUAGE_STANDARD = gnu11;
				GCC_DYNAMIC_NO_PIC = NO;
				GCC_NO_COMMON_BLOCKS = YES;
				GCC_OPTIMIZATION_LEVEL = 0;
				GCC_PREPROCESSOR_DEFINITIONS = (
					"DEBUG=1",
					"$(inherited)",
				);
				GCC_WARN_64_TO_32_BIT_CONVERSION = YES;
				GCC_WARN_ABOUT_RETURN_TYPE = YES_ERROR;
				GCC_WARN_UNDECLARED_SELECTOR = YES;
				GCC_WARN_UNINITIALIZED_AUTOS = YES_AGGRESSIVE;
				GCC_WARN_UNUSED_FUNCTION = YES;
				GCC_WARN_UNUSED_VARIABLE = YES;
				IPHONEOS_DEPLOYMENT_TARGET = 15.0;
				MTL_ENABLE_DEBUG_INFO = INCLUDE_SOURCE;
				MTL_FAST_MATH = YES;
				ONLY_ACTIVE_ARCH = YES;
				SDKROOT = iphoneos;
				SWIFT_ACTIVE_COMPILATION_CONDITIONS = DEBUG;
				SWIFT_OPTIMIZATION_LEVEL = "-Onone";
			};
			name = Debug;
		};
		F6906F5127D5915900AED14B /* Release */ = {
			isa = XCBuildConfiguration;
			buildSettings = {
				ALWAYS_SEARCH_USER_PATHS = NO;
				CLANG_ANALYZER_NONNULL = YES;
				CLANG_ANALYZER_NUMBER_OBJECT_CONVERSION = YES_AGGRESSIVE;
				CLANG_CXX_LANGUAGE_STANDARD = "gnu++17";
				CLANG_CXX_LIBRARY = "libc++";
				CLANG_ENABLE_MODULES = YES;
				CLANG_ENABLE_OBJC_ARC = YES;
				CLANG_ENABLE_OBJC_WEAK = YES;
				CLANG_WARN_BLOCK_CAPTURE_AUTORELEASING = YES;
				CLANG_WARN_BOOL_CONVERSION = YES;
				CLANG_WARN_COMMA = YES;
				CLANG_WARN_CONSTANT_CONVERSION = YES;
				CLANG_WARN_DEPRECATED_OBJC_IMPLEMENTATIONS = YES;
				CLANG_WARN_DIRECT_OBJC_ISA_USAGE = YES_ERROR;
				CLANG_WARN_DOCUMENTATION_COMMENTS = YES;
				CLANG_WARN_EMPTY_BODY = YES;
				CLANG_WARN_ENUM_CONVERSION = YES;
				CLANG_WARN_INFINITE_RECURSION = YES;
				CLANG_WARN_INT_CONVERSION = YES;
				CLANG_WARN_NON_LITERAL_NULL_CONVERSION = YES;
				CLANG_WARN_OBJC_IMPLICIT_RETAIN_SELF = YES;
				CLANG_WARN_OBJC_LITERAL_CONVERSION = YES;
				CLANG_WARN_OBJC_ROOT_CLASS = YES_ERROR;
				CLANG_WARN_QUOTED_INCLUDE_IN_FRAMEWORK_HEADER = YES;
				CLANG_WARN_RANGE_LOOP_ANALYSIS = YES;
				CLANG_WARN_STRICT_PROTOTYPES = YES;
				CLANG_WARN_SUSPICIOUS_MOVE = YES;
				CLANG_WARN_UNGUARDED_AVAILABILITY = YES_AGGRESSIVE;
				CLANG_WARN_UNREACHABLE_CODE = YES;
				CLANG_WARN__DUPLICATE_METHOD_MATCH = YES;
				COPY_PHASE_STRIP = NO;
				DEBUG_ACTIVITY_MODE = "";
				DEBUG_INFORMATION_FORMAT = "dwarf-with-dsym";
				ENABLE_NS_ASSERTIONS = NO;
				ENABLE_STRICT_OBJC_MSGSEND = YES;
				GCC_C_LANGUAGE_STANDARD = gnu11;
				GCC_NO_COMMON_BLOCKS = YES;
				GCC_WARN_64_TO_32_BIT_CONVERSION = YES;
				GCC_WARN_ABOUT_RETURN_TYPE = YES_ERROR;
				GCC_WARN_UNDECLARED_SELECTOR = YES;
				GCC_WARN_UNINITIALIZED_AUTOS = YES_AGGRESSIVE;
				GCC_WARN_UNUSED_FUNCTION = YES;
				GCC_WARN_UNUSED_VARIABLE = YES;
				IPHONEOS_DEPLOYMENT_TARGET = 15.0;
				MTL_ENABLE_DEBUG_INFO = NO;
				MTL_FAST_MATH = YES;
				SDKROOT = iphoneos;
				SWIFT_COMPILATION_MODE = wholemodule;
				SWIFT_OPTIMIZATION_LEVEL = "-O";
				VALIDATE_PRODUCT = YES;
			};
			name = Release;
		};
		F6906F5327D5915900AED14B /* Debug */ = {
			isa = XCBuildConfiguration;
			buildSettings = {
				ASSETCATALOG_COMPILER_APPICON_NAME = AppIcon;
				ASSETCATALOG_COMPILER_GLOBAL_ACCENT_COLOR_NAME = AccentColor;
				CODE_SIGN_STYLE = Automatic;
				CURRENT_PROJECT_VERSION = 1;
				DEVELOPMENT_TEAM = FL58TRZFD3;
				GENERATE_INFOPLIST_FILE = YES;
				INFOPLIST_FILE = NetflixClone/Info.plist;
				INFOPLIST_KEY_UIApplicationSupportsIndirectInputEvents = YES;
				INFOPLIST_KEY_UILaunchStoryboardName = LaunchScreen;
				INFOPLIST_KEY_UISupportedInterfaceOrientations_iPad = "UIInterfaceOrientationPortrait UIInterfaceOrientationPortraitUpsideDown UIInterfaceOrientationLandscapeLeft UIInterfaceOrientationLandscapeRight";
				INFOPLIST_KEY_UISupportedInterfaceOrientations_iPhone = "UIInterfaceOrientationPortrait UIInterfaceOrientationLandscapeLeft UIInterfaceOrientationLandscapeRight";
				LD_RUNPATH_SEARCH_PATHS = (
					"$(inherited)",
					"@executable_path/Frameworks",
				);
				MARKETING_VERSION = 1.0;
				PRODUCT_BUNDLE_IDENTIFIER = allansantana.NetflixClone;
				PRODUCT_NAME = "$(TARGET_NAME)";
				SWIFT_EMIT_LOC_STRINGS = YES;
				SWIFT_VERSION = 5.0;
				TARGETED_DEVICE_FAMILY = "1,2";
			};
			name = Debug;
		};
		F6906F5427D5915900AED14B /* Release */ = {
			isa = XCBuildConfiguration;
			buildSettings = {
				ASSETCATALOG_COMPILER_APPICON_NAME = AppIcon;
				ASSETCATALOG_COMPILER_GLOBAL_ACCENT_COLOR_NAME = AccentColor;
				CODE_SIGN_STYLE = Automatic;
				CURRENT_PROJECT_VERSION = 1;
				DEVELOPMENT_TEAM = FL58TRZFD3;
				GENERATE_INFOPLIST_FILE = YES;
				INFOPLIST_FILE = NetflixClone/Info.plist;
				INFOPLIST_KEY_UIApplicationSupportsIndirectInputEvents = YES;
				INFOPLIST_KEY_UILaunchStoryboardName = LaunchScreen;
				INFOPLIST_KEY_UISupportedInterfaceOrientations_iPad = "UIInterfaceOrientationPortrait UIInterfaceOrientationPortraitUpsideDown UIInterfaceOrientationLandscapeLeft UIInterfaceOrientationLandscapeRight";
				INFOPLIST_KEY_UISupportedInterfaceOrientations_iPhone = "UIInterfaceOrientationPortrait UIInterfaceOrientationLandscapeLeft UIInterfaceOrientationLandscapeRight";
				LD_RUNPATH_SEARCH_PATHS = (
					"$(inherited)",
					"@executable_path/Frameworks",
				);
				MARKETING_VERSION = 1.0;
				PRODUCT_BUNDLE_IDENTIFIER = allansantana.NetflixClone;
				PRODUCT_NAME = "$(TARGET_NAME)";
				SWIFT_EMIT_LOC_STRINGS = YES;
				SWIFT_VERSION = 5.0;
				TARGETED_DEVICE_FAMILY = "1,2";
			};
			name = Release;
		};
		F6906F5627D5915900AED14B /* Debug */ = {
			isa = XCBuildConfiguration;
			buildSettings = {
				ALWAYS_EMBED_SWIFT_STANDARD_LIBRARIES = YES;
				BUNDLE_LOADER = "$(TEST_HOST)";
				CODE_SIGN_STYLE = Automatic;
				CURRENT_PROJECT_VERSION = 1;
				DEVELOPMENT_TEAM = FL58TRZFD3;
				GENERATE_INFOPLIST_FILE = YES;
				IPHONEOS_DEPLOYMENT_TARGET = 15.2;
				MARKETING_VERSION = 1.0;
				PRODUCT_BUNDLE_IDENTIFIER = allansantana.NetflixCloneTests;
				PRODUCT_NAME = "$(TARGET_NAME)";
				SWIFT_EMIT_LOC_STRINGS = NO;
				SWIFT_VERSION = 5.0;
				TARGETED_DEVICE_FAMILY = "1,2";
				TEST_HOST = "$(BUILT_PRODUCTS_DIR)/NetflixClone.app/NetflixClone";
			};
			name = Debug;
		};
		F6906F5727D5915900AED14B /* Release */ = {
			isa = XCBuildConfiguration;
			buildSettings = {
				ALWAYS_EMBED_SWIFT_STANDARD_LIBRARIES = YES;
				BUNDLE_LOADER = "$(TEST_HOST)";
				CODE_SIGN_STYLE = Automatic;
				CURRENT_PROJECT_VERSION = 1;
				DEVELOPMENT_TEAM = FL58TRZFD3;
				GENERATE_INFOPLIST_FILE = YES;
				IPHONEOS_DEPLOYMENT_TARGET = 15.2;
				MARKETING_VERSION = 1.0;
				PRODUCT_BUNDLE_IDENTIFIER = allansantana.NetflixCloneTests;
				PRODUCT_NAME = "$(TARGET_NAME)";
				SWIFT_EMIT_LOC_STRINGS = NO;
				SWIFT_VERSION = 5.0;
				TARGETED_DEVICE_FAMILY = "1,2";
				TEST_HOST = "$(BUILT_PRODUCTS_DIR)/NetflixClone.app/NetflixClone";
			};
			name = Release;
		};
		F6906F5927D5915900AED14B /* Debug */ = {
			isa = XCBuildConfiguration;
			buildSettings = {
				ALWAYS_EMBED_SWIFT_STANDARD_LIBRARIES = YES;
				CODE_SIGN_STYLE = Automatic;
				CURRENT_PROJECT_VERSION = 1;
				DEVELOPMENT_TEAM = FL58TRZFD3;
				GENERATE_INFOPLIST_FILE = YES;
				MARKETING_VERSION = 1.0;
				PRODUCT_BUNDLE_IDENTIFIER = allansantana.NetflixCloneUITests;
				PRODUCT_NAME = "$(TARGET_NAME)";
				SWIFT_EMIT_LOC_STRINGS = NO;
				SWIFT_VERSION = 5.0;
				TARGETED_DEVICE_FAMILY = "1,2";
				TEST_TARGET_NAME = NetflixClone;
			};
			name = Debug;
		};
		F6906F5A27D5915900AED14B /* Release */ = {
			isa = XCBuildConfiguration;
			buildSettings = {
				ALWAYS_EMBED_SWIFT_STANDARD_LIBRARIES = YES;
				CODE_SIGN_STYLE = Automatic;
				CURRENT_PROJECT_VERSION = 1;
				DEVELOPMENT_TEAM = FL58TRZFD3;
				GENERATE_INFOPLIST_FILE = YES;
				MARKETING_VERSION = 1.0;
				PRODUCT_BUNDLE_IDENTIFIER = allansantana.NetflixCloneUITests;
				PRODUCT_NAME = "$(TARGET_NAME)";
				SWIFT_EMIT_LOC_STRINGS = NO;
				SWIFT_VERSION = 5.0;
				TARGETED_DEVICE_FAMILY = "1,2";
				TEST_TARGET_NAME = NetflixClone;
			};
			name = Release;
		};
/* End XCBuildConfiguration section */

/* Begin XCConfigurationList section */
		F6906F2327D5915600AED14B /* Build configuration list for PBXProject "NetflixClone" */ = {
			isa = XCConfigurationList;
			buildConfigurations = (
				F6906F5027D5915900AED14B /* Debug */,
				F6906F5127D5915900AED14B /* Release */,
			);
			defaultConfigurationIsVisible = 0;
			defaultConfigurationName = Release;
		};
		F6906F5227D5915900AED14B /* Build configuration list for PBXNativeTarget "NetflixClone" */ = {
			isa = XCConfigurationList;
			buildConfigurations = (
				F6906F5327D5915900AED14B /* Debug */,
				F6906F5427D5915900AED14B /* Release */,
			);
			defaultConfigurationIsVisible = 0;
			defaultConfigurationName = Release;
		};
		F6906F5527D5915900AED14B /* Build configuration list for PBXNativeTarget "NetflixCloneTests" */ = {
			isa = XCConfigurationList;
			buildConfigurations = (
				F6906F5627D5915900AED14B /* Debug */,
				F6906F5727D5915900AED14B /* Release */,
			);
			defaultConfigurationIsVisible = 0;
			defaultConfigurationName = Release;
		};
		F6906F5827D5915900AED14B /* Build configuration list for PBXNativeTarget "NetflixCloneUITests" */ = {
			isa = XCConfigurationList;
			buildConfigurations = (
				F6906F5927D5915900AED14B /* Debug */,
				F6906F5A27D5915900AED14B /* Release */,
			);
			defaultConfigurationIsVisible = 0;
			defaultConfigurationName = Release;
		};
/* End XCConfigurationList section */

/* Begin XCRemoteSwiftPackageReference section */
		F6BBFB2227EA9F4F006B8A52 /* XCRemoteSwiftPackageReference "SDWebImage" */ = {
			isa = XCRemoteSwiftPackageReference;
			repositoryURL = "https://github.com/SDWebImage/SDWebImage.git";
			requirement = {
				kind = upToNextMajorVersion;
				minimumVersion = 5.0.0;
			};
		};
/* End XCRemoteSwiftPackageReference section */

/* Begin XCSwiftPackageProductDependency section */
		F6BBFB2327EA9F4F006B8A52 /* SDWebImage */ = {
			isa = XCSwiftPackageProductDependency;
			package = F6BBFB2227EA9F4F006B8A52 /* XCRemoteSwiftPackageReference "SDWebImage" */;
			productName = SDWebImage;
		};
		F6BBFB2527EA9F4F006B8A52 /* SDWebImageMapKit */ = {
			isa = XCSwiftPackageProductDependency;
			package = F6BBFB2227EA9F4F006B8A52 /* XCRemoteSwiftPackageReference "SDWebImage" */;
			productName = SDWebImageMapKit;
		};
/* End XCSwiftPackageProductDependency section */
	};
	rootObject = F6906F2027D5915600AED14B /* Project object */;
}
